
Microsoft Visual Studio Solution File, Format Version 12.00
# Visual Studio Version 16
VisualStudioVersion = 16.0.31321.278
MinimumVisualStudioVersion = 10.0.40219.1
Project("{9A19103F-16F7-4668-BE54-9A1E7A4F7556}") = "WpfApp1", "WpfApp1\WpfApp1.csproj", "{3B4D1F94-23EF-43B9-98E7-ECFC63A23426}"
EndProject
Project("{FAE04EC0-301F-11D3-BF4B-00C04F79EFBC}") = "WpfControlLibrary1", "WpfControlLibrary1\WpfControlLibrary1.csproj", "{36DBB9E4-23C6-4A95-B9BE-20632DDDF01D}"
EndProject
Global
	GlobalSection(SolutionConfigurationPlatforms) = preSolution
		Debug|Any CPU = Debug|Any CPU
		Release|Any CPU = Release|Any CPU
	EndGlobalSection
	GlobalSection(ProjectConfigurationPlatforms) = postSolution
		{3B4D1F94-23EF-43B9-98E7-ECFC63A23426}.Debug|Any CPU.ActiveCfg = Debug|Any CPU
		{3B4D1F94-23EF-43B9-98E7-ECFC63A23426}.Debug|Any CPU.Build.0 = Debug|Any CPU
		{3B4D1F94-23EF-43B9-98E7-ECFC63A23426}.Release|Any CPU.ActiveCfg = Release|Any CPU
		{3B4D1F94-23EF-43B9-98E7-ECFC63A23426}.Release|Any CPU.Build.0 = Release|Any CPU
		{36DBB9E4-23C6-4A95-B9BE-20632DDDF01D}.Debug|Any CPU.ActiveCfg = Debug|Any CPU
		{36DBB9E4-23C6-4A95-B9BE-20632DDDF01D}.Debug|Any CPU.Build.0 = Debug|Any CPU
		{36DBB9E4-23C6-4A95-B9BE-20632DDDF01D}.Release|Any CPU.ActiveCfg = Release|Any CPU
		{36DBB9E4-23C6-4A95-B9BE-20632DDDF01D}.Release|Any CPU.Build.0 = Release|Any CPU
	EndGlobalSection
	GlobalSection(SolutionProperties) = preSolution
		HideSolutionNode = FALSE
	EndGlobalSection
	GlobalSection(ExtensibilityGlobals) = postSolution
		SolutionGuid = {278DCFD2-3758-4E94-B67C-04DEFA624D53}
	EndGlobalSection
EndGlobal
